
Microsoft Visual Studio Solution File, Format Version 12.00
# Visual Studio Version 17
VisualStudioVersion = 17.14.36915.13 d17.14
MinimumVisualStudioVersion = 10.0.40219.1
Project("{FAE04EC0-301F-11D3-BF4B-00C04F79EFBC}") = "SignalBlaze", "SignalBlaze.csproj", "{DBAE877A-DF8C-4AE9-9D29-F55CC3555AED}"
EndProject
Global
	GlobalSection(SolutionConfigurationPlatforms) = preSolution
		Debug|Any CPU = Debug|Any CPU
		Release|Any CPU = Release|Any CPU
	EndGlobalSection
	GlobalSection(ProjectConfigurationPlatforms) = postSolution
		{DBAE877A-DF8C-4AE9-9D29-F55CC3555AED}.Debug|Any CPU.ActiveCfg = Debug|Any CPU
		{DBAE877A-DF8C-4AE9-9D29-F55CC3555AED}.Debug|Any CPU.Build.0 = Debug|Any CPU
		{DBAE877A-DF8C-4AE9-9D29-F55CC3555AED}.Release|Any CPU.ActiveCfg = Release|Any CPU
		{DBAE877A-DF8C-4AE9-9D29-F55CC3555AED}.Release|Any CPU.Build.0 = Release|Any CPU
	EndGlobalSection
	GlobalSection(SolutionProperties) = preSolution
		HideSolutionNode = FALSE
	EndGlobalSection
	GlobalSection(ExtensibilityGlobals) = postSolution
		SolutionGuid = {D9780E57-F9C2-444C-AE3A-84CEDBA0B0B3}
	EndGlobalSection
EndGlobal
